
Microsoft Visual Studio Solution File, Format Version 12.00
# Visual Studio Express 2012 for Windows Desktop
Project("{FAE04EC0-301F-11D3-BF4B-00C04F79EFBC}") = "MSGer.tk", "MSGer.tk.csproj", "{F60940C0-05FC-46C0-948E-6DBECBBE38DD}"
EndProject
Global
	GlobalSection(SolutionConfigurationPlatforms) = preSolution
		Debug|Any CPU = Debug|Any CPU
		Release|Any CPU = Release|Any CPU
	EndGlobalSection
	GlobalSection(ProjectConfigurationPlatforms) = postSolution
		{F60940C0-05FC-46C0-948E-6DBECBBE38DD}.Debug|Any CPU.ActiveCfg = Debug|Any CPU
		{F60940C0-05FC-46C0-948E-6DBECBBE38DD}.Debug|Any CPU.Build.0 = Debug|Any CPU
		{F60940C0-05FC-46C0-948E-6DBECBBE38DD}.Release|Any CPU.ActiveCfg = Release|Any CPU
		{F60940C0-05FC-46C0-948E-6DBECBBE38DD}.Release|Any CPU.Build.0 = Release|Any CPU
	EndGlobalSection
	GlobalSection(SolutionProperties) = preSolution
		HideSolutionNode = FALSE
	EndGlobalSection
EndGlobal
