
Microsoft Visual Studio Solution File, Format Version 12.00
# Visual Studio Express 2013 for Windows Desktop
VisualStudioVersion = 12.0.31101.0
MinimumVisualStudioVersion = 10.0.40219.1
Project("{FAE04EC0-301F-11D3-BF4B-00C04F79EFBC}") = "MSGer.tk", "MSGer.tk.csproj", "{F60940C0-05FC-46C0-948E-6DBECBBE38DD}"
	ProjectSection(ProjectDependencies) = postProject
		{FCEAE638-329B-4392-8A9E-FEABEACBA077} = {FCEAE638-329B-4392-8A9E-FEABEACBA077}
		{9DED0C68-3F97-4B14-88D8-F76A749F8943} = {9DED0C68-3F97-4B14-88D8-F76A749F8943}
		{AE5CA7F1-D19E-479B-B06B-39C1280C5005} = {AE5CA7F1-D19E-479B-B06B-39C1280C5005}
	EndProjectSection
EndProject
Project("{FAE04EC0-301F-11D3-BF4B-00C04F79EFBC}") = "Handwriting program", "..\Handwriting program\Handwriting program\Handwriting program.csproj", "{9DED0C68-3F97-4B14-88D8-F76A749F8943}"
EndProject
Project("{FAE04EC0-301F-11D3-BF4B-00C04F79EFBC}") = "RichListView", "..\RichListView\RichListView\RichListView.csproj", "{AE5CA7F1-D19E-479B-B06B-39C1280C5005}"
EndProject
Project("{FAE04EC0-301F-11D3-BF4B-00C04F79EFBC}") = "Updater", "..\Updater\Updater.csproj", "{FCEAE638-329B-4392-8A9E-FEABEACBA077}"
EndProject
Project("{FAE04EC0-301F-11D3-BF4B-00C04F79EFBC}") = "MSGerTextBox", "..\MSGerTextBox\MSGerTextBox.csproj", "{D25630BE-C086-4E44-8BF2-DE80F55ADF2B}"
EndProject
Global
	GlobalSection(SolutionConfigurationPlatforms) = preSolution
		Debug|Any CPU = Debug|Any CPU
		Release|Any CPU = Release|Any CPU
	EndGlobalSection
	GlobalSection(ProjectConfigurationPlatforms) = postSolution
		{F60940C0-05FC-46C0-948E-6DBECBBE38DD}.Debug|Any CPU.ActiveCfg = Debug|Any CPU
		{F60940C0-05FC-46C0-948E-6DBECBBE38DD}.Debug|Any CPU.Build.0 = Debug|Any CPU
		{F60940C0-05FC-46C0-948E-6DBECBBE38DD}.Release|Any CPU.ActiveCfg = Release|Any CPU
		{F60940C0-05FC-46C0-948E-6DBECBBE38DD}.Release|Any CPU.Build.0 = Release|Any CPU
		{9DED0C68-3F97-4B14-88D8-F76A749F8943}.Debug|Any CPU.ActiveCfg = Debug|Any CPU
		{9DED0C68-3F97-4B14-88D8-F76A749F8943}.Debug|Any CPU.Build.0 = Debug|Any CPU
		{9DED0C68-3F97-4B14-88D8-F76A749F8943}.Release|Any CPU.ActiveCfg = Release|Any CPU
		{9DED0C68-3F97-4B14-88D8-F76A749F8943}.Release|Any CPU.Build.0 = Release|Any CPU
		{AE5CA7F1-D19E-479B-B06B-39C1280C5005}.Debug|Any CPU.ActiveCfg = Debug|Any CPU
		{AE5CA7F1-D19E-479B-B06B-39C1280C5005}.Debug|Any CPU.Build.0 = Debug|Any CPU
		{AE5CA7F1-D19E-479B-B06B-39C1280C5005}.Release|Any CPU.ActiveCfg = Release|Any CPU
		{AE5CA7F1-D19E-479B-B06B-39C1280C5005}.Release|Any CPU.Build.0 = Release|Any CPU
		{FCEAE638-329B-4392-8A9E-FEABEACBA077}.Debug|Any CPU.ActiveCfg = Debug|Any CPU
		{FCEAE638-329B-4392-8A9E-FEABEACBA077}.Debug|Any CPU.Build.0 = Debug|Any CPU
		{FCEAE638-329B-4392-8A9E-FEABEACBA077}.Release|Any CPU.ActiveCfg = Release|Any CPU
		{FCEAE638-329B-4392-8A9E-FEABEACBA077}.Release|Any CPU.Build.0 = Release|Any CPU
		{D25630BE-C086-4E44-8BF2-DE80F55ADF2B}.Debug|Any CPU.ActiveCfg = Debug|Any CPU
		{D25630BE-C086-4E44-8BF2-DE80F55ADF2B}.Debug|Any CPU.Build.0 = Debug|Any CPU
		{D25630BE-C086-4E44-8BF2-DE80F55ADF2B}.Release|Any CPU.ActiveCfg = Release|Any CPU
		{D25630BE-C086-4E44-8BF2-DE80F55ADF2B}.Release|Any CPU.Build.0 = Release|Any CPU
	EndGlobalSection
	GlobalSection(SolutionProperties) = preSolution
		HideSolutionNode = FALSE
	EndGlobalSection
EndGlobal
